
Microsoft Visual Studio Solution File, Format Version 12.00
Project("{2150E333-8FDC-42A3-9474-1A3956D46DE8}") = "src", "src", "{8E7C2C89-C4F6-453D-8A74-915513B44B4E}"
EndProject
Project("{2150E333-8FDC-42A3-9474-1A3956D46DE8}") = "tests", "tests", "{3964B035-A581-4DFB-8EC8-C019A52371A5}"
EndProject
Project("{FAE04EC0-301F-11D3-BF4B-00C04F79EFBC}") = "Mecanica.Hermes.Api", "src\Mecanica.Hermes.Api\Mecanica.Hermes.Api.csproj", "{EB480760-98FC-4480-A8AA-0FC75F2CF3A4}"
EndProject
Project("{FAE04EC0-301F-11D3-BF4B-00C04F79EFBC}") = "Mecanica.Hermes.Application", "src\Mecanica.Hermes.Application\Mecanica.Hermes.Application.csproj", "{5B5D009B-8A70-4C84-83AE-0ABAFA8556EE}"
EndProject
Project("{FAE04EC0-301F-11D3-BF4B-00C04F79EFBC}") = "Mecanica.Hermes.Domain", "src\Mecanica.Hermes.Domain\Mecanica.Hermes.Domain.csproj", "{466D2F39-5C3A-410A-B6E3-3AC9FBD6150C}"
EndProject
Project("{FAE04EC0-301F-11D3-BF4B-00C04F79EFBC}") = "Mecanica.Hermes.Infrastructure", "src\Mecanica.Hermes.Infrastructure\Mecanica.Hermes.Infrastructure.csproj", "{A66DB444-C544-4963-8C43-AE592C98A225}"
EndProject
Project("{FAE04EC0-301F-11D3-BF4B-00C04F79EFBC}") = "Mecanica.Hermes.Domain.Tests", "tests\Mecanica.Hermes.Domain.Tests\Mecanica.Hermes.Domain.Tests.csproj", "{89551DD1-3686-4393-ADC0-9CA7E82E2AB2}"
EndProject
Project("{FAE04EC0-301F-11D3-BF4B-00C04F79EFBC}") = "Mecanica.Hermes.Application.Tests", "tests\Mecanica.Hermes.Application.Tests\Mecanica.Hermes.Application.Tests.csproj", "{A1B2C3D4-E5F6-7890-ABCD-EF1234567890}"
EndProject
Project("{FAE04EC0-301F-11D3-BF4B-00C04F79EFBC}") = "Mecanica.Hermes.Infrastructure.Tests", "tests\Mecanica.Hermes.Infrastructure.Tests\Mecanica.Hermes.Infrastructure.Tests.csproj", "{B2C3D4E5-F6A7-8901-BCDE-F12345678901}"
EndProject
Project("{FAE04EC0-301F-11D3-BF4B-00C04F79EFBC}") = "Mecanica.Hermes.IntegrationTests", "tests\Mecanica.Hermes.IntegrationTests\Mecanica.Hermes.IntegrationTests.csproj", "{697FAC19-9501-4DC7-AABB-436A65721B43}"
EndProject
Global
	GlobalSection(SolutionConfigurationPlatforms) = preSolution
		Debug|Any CPU = Debug|Any CPU
		Debug|x64 = Debug|x64
		Debug|x86 = Debug|x86
		Release|Any CPU = Release|Any CPU
		Release|x64 = Release|x64
		Release|x86 = Release|x86
	EndGlobalSection
	GlobalSection(ProjectConfigurationPlatforms) = postSolution
		{EB480760-98FC-4480-A8AA-0FC75F2CF3A4}.Debug|Any CPU.ActiveCfg = Debug|Any CPU
		{EB480760-98FC-4480-A8AA-0FC75F2CF3A4}.Debug|Any CPU.Build.0 = Debug|Any CPU
		{EB480760-98FC-4480-A8AA-0FC75F2CF3A4}.Debug|x64.ActiveCfg = Debug|Any CPU
		{EB480760-98FC-4480-A8AA-0FC75F2CF3A4}.Debug|x64.Build.0 = Debug|Any CPU
		{EB480760-98FC-4480-A8AA-0FC75F2CF3A4}.Debug|x86.ActiveCfg = Debug|Any CPU
		{EB480760-98FC-4480-A8AA-0FC75F2CF3A4}.Debug|x86.Build.0 = Debug|Any CPU
		{EB480760-98FC-4480-A8AA-0FC75F2CF3A4}.Release|Any CPU.ActiveCfg = Release|Any CPU
		{EB480760-98FC-4480-A8AA-0FC75F2CF3A4}.Release|Any CPU.Build.0 = Release|Any CPU
		{EB480760-98FC-4480-A8AA-0FC75F2CF3A4}.Release|x64.ActiveCfg = Release|Any CPU
		{EB480760-98FC-4480-A8AA-0FC75F2CF3A4}.Release|x64.Build.0 = Release|Any CPU
		{EB480760-98FC-4480-A8AA-0FC75F2CF3A4}.Release|x86.ActiveCfg = Release|Any CPU
		{EB480760-98FC-4480-A8AA-0FC75F2CF3A4}.Release|x86.Build.0 = Release|Any CPU
		{5B5D009B-8A70-4C84-83AE-0ABAFA8556EE}.Debug|Any CPU.ActiveCfg = Debug|Any CPU
		{5B5D009B-8A70-4C84-83AE-0ABAFA8556EE}.Debug|Any CPU.Build.0 = Debug|Any CPU
		{5B5D009B-8A70-4C84-83AE-0ABAFA8556EE}.Debug|x64.ActiveCfg = Debug|Any CPU
		{5B5D009B-8A70-4C84-83AE-0ABAFA8556EE}.Debug|x64.Build.0 = Debug|Any CPU
		{5B5D009B-8A70-4C84-83AE-0ABAFA8556EE}.Debug|x86.ActiveCfg = Debug|Any CPU
		{5B5D009B-8A70-4C84-83AE-0ABAFA8556EE}.Debug|x86.Build.0 = Debug|Any CPU
		{5B5D009B-8A70-4C84-83AE-0ABAFA8556EE}.Release|Any CPU.ActiveCfg = Release|Any CPU
		{5B5D009B-8A70-4C84-83AE-0ABAFA8556EE}.Release|Any CPU.Build.0 = Release|Any CPU
		{5B5D009B-8A70-4C84-83AE-0ABAFA8556EE}.Release|x64.ActiveCfg = Release|Any CPU
		{5B5D009B-8A70-4C84-83AE-0ABAFA8556EE}.Release|x64.Build.0 = Release|Any CPU
		{5B5D009B-8A70-4C84-83AE-0ABAFA8556EE}.Release|x86.ActiveCfg = Release|Any CPU
		{5B5D009B-8A70-4C84-83AE-0ABAFA8556EE}.Release|x86.Build.0 = Release|Any CPU
		{466D2F39-5C3A-410A-B6E3-3AC9FBD6150C}.Debug|Any CPU.ActiveCfg = Debug|Any CPU
		{466D2F39-5C3A-410A-B6E3-3AC9FBD6150C}.Debug|Any CPU.Build.0 = Debug|Any CPU
		{466D2F39-5C3A-410A-B6E3-3AC9FBD6150C}.Debug|x64.ActiveCfg = Debug|Any CPU
		{466D2F39-5C3A-410A-B6E3-3AC9FBD6150C}.Debug|x64.Build.0 = Debug|Any CPU
		{466D2F39-5C3A-410A-B6E3-3AC9FBD6150C}.Debug|x86.ActiveCfg = Debug|Any CPU
		{466D2F39-5C3A-410A-B6E3-3AC9FBD6150C}.Debug|x86.Build.0 = Debug|Any CPU
		{466D2F39-5C3A-410A-B6E3-3AC9FBD6150C}.Release|Any CPU.ActiveCfg = Release|Any CPU
		{466D2F39-5C3A-410A-B6E3-3AC9FBD6150C}.Release|Any CPU.Build.0 = Release|Any CPU
		{466D2F39-5C3A-410A-B6E3-3AC9FBD6150C}.Release|x64.ActiveCfg = Release|Any CPU
		{466D2F39-5C3A-410A-B6E3-3AC9FBD6150C}.Release|x64.Build.0 = Release|Any CPU
		{466D2F39-5C3A-410A-B6E3-3AC9FBD6150C}.Release|x86.ActiveCfg = Release|Any CPU
		{466D2F39-5C3A-410A-B6E3-3AC9FBD6150C}.Release|x86.Build.0 = Release|Any CPU
		{A66DB444-C544-4963-8C43-AE592C98A225}.Debug|Any CPU.ActiveCfg = Debug|Any CPU
		{A66DB444-C544-4963-8C43-AE592C98A225}.Debug|Any CPU.Build.0 = Debug|Any CPU
		{A66DB444-C544-4963-8C43-AE592C98A225}.Debug|x64.ActiveCfg = Debug|Any CPU
		{A66DB444-C544-4963-8C43-AE592C98A225}.Debug|x64.Build.0 = Debug|Any CPU
		{A66DB444-C544-4963-8C43-AE592C98A225}.Debug|x86.ActiveCfg = Debug|Any CPU
		{A66DB444-C544-4963-8C43-AE592C98A225}.Debug|x86.Build.0 = Debug|Any CPU
		{A66DB444-C544-4963-8C43-AE592C98A225}.Release|Any CPU.ActiveCfg = Release|Any CPU
		{A66DB444-C544-4963-8C43-AE592C98A225}.Release|Any CPU.Build.0 = Release|Any CPU
		{A66DB444-C544-4963-8C43-AE592C98A225}.Release|x64.ActiveCfg = Release|Any CPU
		{A66DB444-C544-4963-8C43-AE592C98A225}.Release|x64.Build.0 = Release|Any CPU
		{A66DB444-C544-4963-8C43-AE592C98A225}.Release|x86.ActiveCfg = Release|Any CPU
		{A66DB444-C544-4963-8C43-AE592C98A225}.Release|x86.Build.0 = Release|Any CPU
		{89551DD1-3686-4393-ADC0-9CA7E82E2AB2}.Debug|Any CPU.ActiveCfg = Debug|Any CPU
		{89551DD1-3686-4393-ADC0-9CA7E82E2AB2}.Debug|Any CPU.Build.0 = Debug|Any CPU
		{89551DD1-3686-4393-ADC0-9CA7E82E2AB2}.Debug|x64.ActiveCfg = Debug|Any CPU
		{89551DD1-3686-4393-ADC0-9CA7E82E2AB2}.Debug|x64.Build.0 = Debug|Any CPU
		{89551DD1-3686-4393-ADC0-9CA7E82E2AB2}.Debug|x86.ActiveCfg = Debug|Any CPU
		{89551DD1-3686-4393-ADC0-9CA7E82E2AB2}.Debug|x86.Build.0 = Debug|Any CPU
		{89551DD1-3686-4393-ADC0-9CA7E82E2AB2}.Release|Any CPU.ActiveCfg = Release|Any CPU
		{89551DD1-3686-4393-ADC0-9CA7E82E2AB2}.Release|Any CPU.Build.0 = Release|Any CPU
		{89551DD1-3686-4393-ADC0-9CA7E82E2AB2}.Release|x64.ActiveCfg = Release|Any CPU
		{89551DD1-3686-4393-ADC0-9CA7E82E2AB2}.Release|x64.Build.0 = Release|Any CPU
		{89551DD1-3686-4393-ADC0-9CA7E82E2AB2}.Release|x86.ActiveCfg = Release|Any CPU
		{89551DD1-3686-4393-ADC0-9CA7E82E2AB2}.Release|x86.Build.0 = Release|Any CPU
		{A1B2C3D4-E5F6-7890-ABCD-EF1234567890}.Debug|Any CPU.ActiveCfg = Debug|Any CPU
		{A1B2C3D4-E5F6-7890-ABCD-EF1234567890}.Debug|Any CPU.Build.0 = Debug|Any CPU
		{A1B2C3D4-E5F6-7890-ABCD-EF1234567890}.Debug|x64.ActiveCfg = Debug|Any CPU
		{A1B2C3D4-E5F6-7890-ABCD-EF1234567890}.Debug|x64.Build.0 = Debug|Any CPU
		{A1B2C3D4-E5F6-7890-ABCD-EF1234567890}.Debug|x86.ActiveCfg = Debug|Any CPU
		{A1B2C3D4-E5F6-7890-ABCD-EF1234567890}.Debug|x86.Build.0 = Debug|Any CPU
		{A1B2C3D4-E5F6-7890-ABCD-EF1234567890}.Release|Any CPU.ActiveCfg = Release|Any CPU
		{A1B2C3D4-E5F6-7890-ABCD-EF1234567890}.Release|Any CPU.Build.0 = Release|Any CPU
		{A1B2C3D4-E5F6-7890-ABCD-EF1234567890}.Release|x64.ActiveCfg = Release|Any CPU
		{A1B2C3D4-E5F6-7890-ABCD-EF1234567890}.Release|x64.Build.0 = Release|Any CPU
		{A1B2C3D4-E5F6-7890-ABCD-EF1234567890}.Release|x86.ActiveCfg = Release|Any CPU
		{A1B2C3D4-E5F6-7890-ABCD-EF1234567890}.Release|x86.Build.0 = Release|Any CPU
		{B2C3D4E5-F6A7-8901-BCDE-F12345678901}.Debug|Any CPU.ActiveCfg = Debug|Any CPU
		{B2C3D4E5-F6A7-8901-BCDE-F12345678901}.Debug|Any CPU.Build.0 = Debug|Any CPU
		{B2C3D4E5-F6A7-8901-BCDE-F12345678901}.Debug|x64.ActiveCfg = Debug|Any CPU
		{B2C3D4E5-F6A7-8901-BCDE-F12345678901}.Debug|x64.Build.0 = Debug|Any CPU
		{B2C3D4E5-F6A7-8901-BCDE-F12345678901}.Debug|x86.ActiveCfg = Debug|Any CPU
		{B2C3D4E5-F6A7-8901-BCDE-F12345678901}.Debug|x86.Build.0 = Debug|Any CPU
		{B2C3D4E5-F6A7-8901-BCDE-F12345678901}.Release|Any CPU.ActiveCfg = Release|Any CPU
		{B2C3D4E5-F6A7-8901-BCDE-F12345678901}.Release|Any CPU.Build.0 = Release|Any CPU
		{B2C3D4E5-F6A7-8901-BCDE-F12345678901}.Release|x64.ActiveCfg = Release|Any CPU
		{B2C3D4E5-F6A7-8901-BCDE-F12345678901}.Release|x64.Build.0 = Release|Any CPU
		{B2C3D4E5-F6A7-8901-BCDE-F12345678901}.Release|x86.ActiveCfg = Release|Any CPU
		{B2C3D4E5-F6A7-8901-BCDE-F12345678901}.Release|x86.Build.0 = Release|Any CPU
		{697FAC19-9501-4DC7-AABB-436A65721B43}.Debug|Any CPU.ActiveCfg = Debug|Any CPU
		{697FAC19-9501-4DC7-AABB-436A65721B43}.Debug|Any CPU.Build.0 = Debug|Any CPU
		{697FAC19-9501-4DC7-AABB-436A65721B43}.Debug|x64.ActiveCfg = Debug|Any CPU
		{697FAC19-9501-4DC7-AABB-436A65721B43}.Debug|x64.Build.0 = Debug|Any CPU
		{697FAC19-9501-4DC7-AABB-436A65721B43}.Debug|x86.ActiveCfg = Debug|Any CPU
		{697FAC19-9501-4DC7-AABB-436A65721B43}.Debug|x86.Build.0 = Debug|Any CPU
		{697FAC19-9501-4DC7-AABB-436A65721B43}.Release|Any CPU.ActiveCfg = Release|Any CPU
		{697FAC19-9501-4DC7-AABB-436A65721B43}.Release|Any CPU.Build.0 = Release|Any CPU
		{697FAC19-9501-4DC7-AABB-436A65721B43}.Release|x64.ActiveCfg = Release|Any CPU
		{697FAC19-9501-4DC7-AABB-436A65721B43}.Release|x64.Build.0 = Release|Any CPU
		{697FAC19-9501-4DC7-AABB-436A65721B43}.Release|x86.ActiveCfg = Release|Any CPU
		{697FAC19-9501-4DC7-AABB-436A65721B43}.Release|x86.Build.0 = Release|Any CPU
	EndGlobalSection
	GlobalSection(SolutionProperties) = preSolution
		HideSolutionNode = FALSE
	EndGlobalSection
	GlobalSection(NestedProjects) = preSolution
		{EB480760-98FC-4480-A8AA-0FC75F2CF3A4} = {8E7C2C89-C4F6-453D-8A74-915513B44B4E}
		{5B5D009B-8A70-4C84-83AE-0ABAFA8556EE} = {8E7C2C89-C4F6-453D-8A74-915513B44B4E}
		{466D2F39-5C3A-410A-B6E3-3AC9FBD6150C} = {8E7C2C89-C4F6-453D-8A74-915513B44B4E}
		{A66DB444-C544-4963-8C43-AE592C98A225} = {8E7C2C89-C4F6-453D-8A74-915513B44B4E}
		{89551DD1-3686-4393-ADC0-9CA7E82E2AB2} = {3964B035-A581-4DFB-8EC8-C019A52371A5}
		{A1B2C3D4-E5F6-7890-ABCD-EF1234567890} = {3964B035-A581-4DFB-8EC8-C019A52371A5}
		{B2C3D4E5-F6A7-8901-BCDE-F12345678901} = {3964B035-A581-4DFB-8EC8-C019A52371A5}
		{697FAC19-9501-4DC7-AABB-436A65721B43} = {3964B035-A581-4DFB-8EC8-C019A52371A5}
	EndGlobalSection
EndGlobal
